
Microsoft Visual Studio Solution File, Format Version 12.00
# Visual Studio Version 16
VisualStudioVersion = 16.0.30114.105
MinimumVisualStudioVersion = 10.0.40219.1
Project("{2150E333-8FDC-42A3-9474-1A3956D46DE8}") = "src", "src", "{E00EFD93-6334-46A1-B20F-A2EB81F1F5DE}"
EndProject
Project("{FAE04EC0-301F-11D3-BF4B-00C04F79EFBC}") = "Nomad.Sorter.Domain", "src\Nomad.Sorter.Domain\Nomad.Sorter.Domain.csproj", "{2B25CDFF-73F3-4450-A481-4A0F5675D585}"
EndProject
Project("{FAE04EC0-301F-11D3-BF4B-00C04F79EFBC}") = "Nomad.Sorter.Application", "src\Nomad.Sorter.Application\Nomad.Sorter.Application.csproj", "{67BDA725-612F-433F-8439-21D6331E56F9}"
EndProject
Project("{FAE04EC0-301F-11D3-BF4B-00C04F79EFBC}") = "Nomad.Sorter.Infrastructure", "src\Nomad.Sorter.Infrastructure\Nomad.Sorter.Infrastructure.csproj", "{37DCAF55-8B6E-454D-BB54-FB5C02B1527F}"
EndProject
Project("{FAE04EC0-301F-11D3-BF4B-00C04F79EFBC}") = "Nomad.Sorter.Web", "src\Nomad.Sorter.Web\Nomad.Sorter.Web.csproj", "{D5E65C4A-43D7-4830-8BF7-AAACA00D8187}"
EndProject
Project("{2150E333-8FDC-42A3-9474-1A3956D46DE8}") = "tests", "tests", "{39415ED4-026E-4D99-8E38-7A98CF291C48}"
EndProject
Project("{FAE04EC0-301F-11D3-BF4B-00C04F79EFBC}") = "Nomad.Sorter.Unit.Tests", "tests\Nomad.Sorter.Unit.Tests\Nomad.Sorter.Unit.Tests.csproj", "{8943EFDA-4279-45FC-93D5-9CC1316C723B}"
EndProject
Project("{FAE04EC0-301F-11D3-BF4B-00C04F79EFBC}") = "Nomad.Sorter.Functional.Tests", "tests\Nomad.Sorter.Functional.Tests\Nomad.Sorter.Functional.Tests.csproj", "{9305852C-A93A-44E2-883B-428687F82B55}"
EndProject
Project("{2150E333-8FDC-42A3-9474-1A3956D46DE8}") = "shared", "shared", "{C75C7B1B-94EE-4FDC-B0EB-E4C49F61B025}"
EndProject
Project("{2150E333-8FDC-42A3-9474-1A3956D46DE8}") = "core", "core", "{FE3E53E4-5C33-454C-B512-2CE1BB3BF9E3}"
EndProject
Project("{FAE04EC0-301F-11D3-BF4B-00C04F79EFBC}") = "Nomad.Abstractions", "src\Nomad.Abstractions\Nomad.Abstractions.csproj", "{B3331819-53CC-4392-8434-39972DB028B2}"
EndProject
Project("{FAE04EC0-301F-11D3-BF4B-00C04F79EFBC}") = "Nomad.Testing", "tests\Nomad.Testing\Nomad.Testing.csproj", "{8601B39A-F3E9-4DAE-9223-0CB1F3B9BE2D}"
EndProject
Global
	GlobalSection(SolutionConfigurationPlatforms) = preSolution
		Debug|Any CPU = Debug|Any CPU
		Release|Any CPU = Release|Any CPU
	EndGlobalSection
	GlobalSection(SolutionProperties) = preSolution
		HideSolutionNode = FALSE
	EndGlobalSection
	GlobalSection(ProjectConfigurationPlatforms) = postSolution
		{2B25CDFF-73F3-4450-A481-4A0F5675D585}.Debug|Any CPU.ActiveCfg = Debug|Any CPU
		{2B25CDFF-73F3-4450-A481-4A0F5675D585}.Debug|Any CPU.Build.0 = Debug|Any CPU
		{2B25CDFF-73F3-4450-A481-4A0F5675D585}.Release|Any CPU.ActiveCfg = Release|Any CPU
		{2B25CDFF-73F3-4450-A481-4A0F5675D585}.Release|Any CPU.Build.0 = Release|Any CPU
		{67BDA725-612F-433F-8439-21D6331E56F9}.Debug|Any CPU.ActiveCfg = Debug|Any CPU
		{67BDA725-612F-433F-8439-21D6331E56F9}.Debug|Any CPU.Build.0 = Debug|Any CPU
		{67BDA725-612F-433F-8439-21D6331E56F9}.Release|Any CPU.ActiveCfg = Release|Any CPU
		{67BDA725-612F-433F-8439-21D6331E56F9}.Release|Any CPU.Build.0 = Release|Any CPU
		{37DCAF55-8B6E-454D-BB54-FB5C02B1527F}.Debug|Any CPU.ActiveCfg = Debug|Any CPU
		{37DCAF55-8B6E-454D-BB54-FB5C02B1527F}.Debug|Any CPU.Build.0 = Debug|Any CPU
		{37DCAF55-8B6E-454D-BB54-FB5C02B1527F}.Release|Any CPU.ActiveCfg = Release|Any CPU
		{37DCAF55-8B6E-454D-BB54-FB5C02B1527F}.Release|Any CPU.Build.0 = Release|Any CPU
		{D5E65C4A-43D7-4830-8BF7-AAACA00D8187}.Debug|Any CPU.ActiveCfg = Debug|Any CPU
		{D5E65C4A-43D7-4830-8BF7-AAACA00D8187}.Debug|Any CPU.Build.0 = Debug|Any CPU
		{D5E65C4A-43D7-4830-8BF7-AAACA00D8187}.Release|Any CPU.ActiveCfg = Release|Any CPU
		{D5E65C4A-43D7-4830-8BF7-AAACA00D8187}.Release|Any CPU.Build.0 = Release|Any CPU
		{8943EFDA-4279-45FC-93D5-9CC1316C723B}.Debug|Any CPU.ActiveCfg = Debug|Any CPU
		{8943EFDA-4279-45FC-93D5-9CC1316C723B}.Debug|Any CPU.Build.0 = Debug|Any CPU
		{8943EFDA-4279-45FC-93D5-9CC1316C723B}.Release|Any CPU.ActiveCfg = Release|Any CPU
		{8943EFDA-4279-45FC-93D5-9CC1316C723B}.Release|Any CPU.Build.0 = Release|Any CPU
		{9305852C-A93A-44E2-883B-428687F82B55}.Debug|Any CPU.ActiveCfg = Debug|Any CPU
		{9305852C-A93A-44E2-883B-428687F82B55}.Debug|Any CPU.Build.0 = Debug|Any CPU
		{9305852C-A93A-44E2-883B-428687F82B55}.Release|Any CPU.ActiveCfg = Release|Any CPU
		{9305852C-A93A-44E2-883B-428687F82B55}.Release|Any CPU.Build.0 = Release|Any CPU
		{B3331819-53CC-4392-8434-39972DB028B2}.Debug|Any CPU.ActiveCfg = Debug|Any CPU
		{B3331819-53CC-4392-8434-39972DB028B2}.Debug|Any CPU.Build.0 = Debug|Any CPU
		{B3331819-53CC-4392-8434-39972DB028B2}.Release|Any CPU.ActiveCfg = Release|Any CPU
		{B3331819-53CC-4392-8434-39972DB028B2}.Release|Any CPU.Build.0 = Release|Any CPU
		{8601B39A-F3E9-4DAE-9223-0CB1F3B9BE2D}.Debug|Any CPU.ActiveCfg = Debug|Any CPU
		{8601B39A-F3E9-4DAE-9223-0CB1F3B9BE2D}.Debug|Any CPU.Build.0 = Debug|Any CPU
		{8601B39A-F3E9-4DAE-9223-0CB1F3B9BE2D}.Release|Any CPU.ActiveCfg = Release|Any CPU
		{8601B39A-F3E9-4DAE-9223-0CB1F3B9BE2D}.Release|Any CPU.Build.0 = Release|Any CPU
	EndGlobalSection
	GlobalSection(NestedProjects) = preSolution
		{8943EFDA-4279-45FC-93D5-9CC1316C723B} = {39415ED4-026E-4D99-8E38-7A98CF291C48}
		{9305852C-A93A-44E2-883B-428687F82B55} = {39415ED4-026E-4D99-8E38-7A98CF291C48}
		{C75C7B1B-94EE-4FDC-B0EB-E4C49F61B025} = {E00EFD93-6334-46A1-B20F-A2EB81F1F5DE}
		{FE3E53E4-5C33-454C-B512-2CE1BB3BF9E3} = {E00EFD93-6334-46A1-B20F-A2EB81F1F5DE}
		{2B25CDFF-73F3-4450-A481-4A0F5675D585} = {FE3E53E4-5C33-454C-B512-2CE1BB3BF9E3}
		{67BDA725-612F-433F-8439-21D6331E56F9} = {FE3E53E4-5C33-454C-B512-2CE1BB3BF9E3}
		{D5E65C4A-43D7-4830-8BF7-AAACA00D8187} = {FE3E53E4-5C33-454C-B512-2CE1BB3BF9E3}
		{37DCAF55-8B6E-454D-BB54-FB5C02B1527F} = {FE3E53E4-5C33-454C-B512-2CE1BB3BF9E3}
		{B3331819-53CC-4392-8434-39972DB028B2} = {C75C7B1B-94EE-4FDC-B0EB-E4C49F61B025}
		{8601B39A-F3E9-4DAE-9223-0CB1F3B9BE2D} = {39415ED4-026E-4D99-8E38-7A98CF291C48}
	EndGlobalSection
EndGlobal
